
Microsoft Visual Studio Solution File, Format Version 12.00
# Visual Studio Version 17
VisualStudioVersion = 17.3.32929.385
MinimumVisualStudioVersion = 10.0.40219.1
Project("{FAE04EC0-301F-11D3-BF4B-00C04F79EFBC}") = "project 1", "project 1\project 1.csproj", "{A5A10E1C-69EE-45DE-ACFD-21195B487C73}"
EndProject
Global
	GlobalSection(SolutionConfigurationPlatforms) = preSolution
		Debug|Any CPU = Debug|Any CPU
		Release|Any CPU = Release|Any CPU
	EndGlobalSection
	GlobalSection(ProjectConfigurationPlatforms) = postSolution
		{A5A10E1C-69EE-45DE-ACFD-21195B487C73}.Debug|Any CPU.ActiveCfg = Debug|Any CPU
		{A5A10E1C-69EE-45DE-ACFD-21195B487C73}.Debug|Any CPU.Build.0 = Debug|Any CPU
		{A5A10E1C-69EE-45DE-ACFD-21195B487C73}.Release|Any CPU.ActiveCfg = Release|Any CPU
		{A5A10E1C-69EE-45DE-ACFD-21195B487C73}.Release|Any CPU.Build.0 = Release|Any CPU
	EndGlobalSection
	GlobalSection(SolutionProperties) = preSolution
		HideSolutionNode = FALSE
	EndGlobalSection
	GlobalSection(ExtensibilityGlobals) = postSolution
		SolutionGuid = {3BF76E27-B739-4F89-B7CA-B7EA26CF7188}
	EndGlobalSection
EndGlobal
